Microsoft Visual Studio Solution File, Format Version 12.00
# Visual Studio Version 16
VisualStudioVersion = 16.0.29102.190
MinimumVisualStudioVersion = 10.0.40219.1
Project("{9A19103F-16F7-4668-BE54-9A1E7A4F7556}") = "Python.Runtime.15", "src\runtime\Python.Runtime.15.csproj", "{2759F4FF-716B-4828-916F-50FA86613DFC}"
EndProject
Project("{9A19103F-16F7-4668-BE54-9A1E7A4F7556}") = "Python.EmbeddingTest.15", "src\embed_tests\Python.EmbeddingTest.15.csproj", "{66B8D01A-9906-452A-B09E-BF75EA76468F}"
EndProject
Project("{9A19103F-16F7-4668-BE54-9A1E7A4F7556}") = "clrmodule.15", "src\clrmodule\clrmodule.15.csproj", "{E08678D4-9A52-4AD5-B63D-8EBC7399981B}"
EndProject
Project("{9A19103F-16F7-4668-BE54-9A1E7A4F7556}") = "Console.15", "src\console\Console.15.csproj", "{CDAD305F-8E72-492C-A314-64CF58D472A0}"
EndProject
Project("{9A19103F-16F7-4668-BE54-9A1E7A4F7556}") = "Python.Test.15", "src\testing\Python.Test.15.csproj", "{F94B547A-E97E-4500-8D53-B4D64D076E5F}"
EndProject
Project("{9A19103F-16F7-4668-BE54-9A1E7A4F7556}") = "Python.PerformanceTests", "src\perf_tests\Python.PerformanceTests.csproj", "{6FB0D091-9CEC-4DCC-8701-C40F9BFC9EDE}"
EndProject
Project("{2150E333-8FDC-42A3-9474-1A3956D46DE8}") = "Repo", "Repo", "{441A0123-F4C6-4EE4-9AEE-315FD79BE2D5}"
	ProjectSection(SolutionItems) = preProject
		.editorconfig = .editorconfig
		.gitignore = .gitignore
		CHANGELOG.md = CHANGELOG.md
		LICENSE = LICENSE
		README.rst = README.rst
	EndProjectSection
EndProject
Project("{2150E333-8FDC-42A3-9474-1A3956D46DE8}") = "CI", "CI", "{D301657F-5EAF-4534-B280-B858D651B2E5}"
	ProjectSection(SolutionItems) = preProject
		.travis.yml = .travis.yml
		appveyor.yml = appveyor.yml
		ci\appveyor_build_recipe.ps1 = ci\appveyor_build_recipe.ps1
		ci\appveyor_run_tests.ps1 = ci\appveyor_run_tests.ps1
		.github\workflows\build+test.yml = .github\workflows\build+test.yml
	EndProjectSection
EndProject
Project("{2150E333-8FDC-42A3-9474-1A3956D46DE8}") = "Solution Items", "Solution Items", "{57F5D701-F265-4736-A5A2-07249E7A4DA3}"
	ProjectSection(SolutionItems) = preProject
		setup.py = setup.py
	EndProjectSection
EndProject
Project("{2150E333-8FDC-42A3-9474-1A3956D46DE8}") = "conda.recipe", "conda.recipe", "{7FD2404D-0CE8-4645-8DFB-766470E2150E}"
	ProjectSection(SolutionItems) = preProject
		conda.recipe\bld.bat = conda.recipe\bld.bat
		conda.recipe\meta.yaml = conda.recipe\meta.yaml
		conda.recipe\README.md = conda.recipe\README.md
	EndProjectSection
EndProject
Global
	GlobalSection(SolutionConfigurationPlatforms) = preSolution
		Debug|Any CPU = Debug|Any CPU
		Release|Any CPU = Release|Any CPU
	EndGlobalSection
	GlobalSection(ProjectConfigurationPlatforms) = postSolution
		{2759F4FF-716B-4828-916F-50FA86613DFC}.Debug|Any CPU.ActiveCfg = Debug|Any CPU
		{2759F4FF-716B-4828-916F-50FA86613DFC}.Debug|Any CPU.Build.0 = Debug|Any CPU
		{2759F4FF-716B-4828-916F-50FA86613DFC}.Release|Any CPU.ActiveCfg = Release|Any CPU
		{2759F4FF-716B-4828-916F-50FA86613DFC}.Release|Any CPU.Build.0 = Release|Any CPU
		{66B8D01A-9906-452A-B09E-BF75EA76468F}.Debug|Any CPU.ActiveCfg = Debug|x64
		{66B8D01A-9906-452A-B09E-BF75EA76468F}.Debug|Any CPU.Build.0 = Debug|x64
		{66B8D01A-9906-452A-B09E-BF75EA76468F}.Release|Any CPU.ActiveCfg = Release|x64
		{66B8D01A-9906-452A-B09E-BF75EA76468F}.Release|Any CPU.Build.0 = Release|x64
		{E08678D4-9A52-4AD5-B63D-8EBC7399981B}.Debug|Any CPU.ActiveCfg = Debug|x86
		{E08678D4-9A52-4AD5-B63D-8EBC7399981B}.Debug|Any CPU.Build.0 = Debug|x86
		{E08678D4-9A52-4AD5-B63D-8EBC7399981B}.Release|Any CPU.ActiveCfg = Release|x86
		{E08678D4-9A52-4AD5-B63D-8EBC7399981B}.Release|Any CPU.Build.0 = Release|x86
		{CDAD305F-8E72-492C-A314-64CF58D472A0}.Debug|Any CPU.ActiveCfg = Debug|x86
		{CDAD305F-8E72-492C-A314-64CF58D472A0}.Debug|Any CPU.Build.0 = Debug|x86
		{CDAD305F-8E72-492C-A314-64CF58D472A0}.Release|Any CPU.ActiveCfg = Release|x86
		{CDAD305F-8E72-492C-A314-64CF58D472A0}.Release|Any CPU.Build.0 = Release|x86
		{F94B547A-E97E-4500-8D53-B4D64D076E5F}.Debug|Any CPU.ActiveCfg = Debug|x86
		{F94B547A-E97E-4500-8D53-B4D64D076E5F}.Debug|Any CPU.Build.0 = Debug|x86
		{F94B547A-E97E-4500-8D53-B4D64D076E5F}.Release|Any CPU.ActiveCfg = Release|x86
		{F94B547A-E97E-4500-8D53-B4D64D076E5F}.Release|Any CPU.Build.0 = Release|x86
		{6FB0D091-9CEC-4DCC-8701-C40F9BFC9EDE}.Debug|Any CPU.ActiveCfg = DebugWin|x86
		{6FB0D091-9CEC-4DCC-8701-C40F9BFC9EDE}.Debug|Any CPU.Build.0 = DebugWin|x86
		{6FB0D091-9CEC-4DCC-8701-C40F9BFC9EDE}.Release|Any CPU.ActiveCfg = DebugWin|x86
		{6FB0D091-9CEC-4DCC-8701-C40F9BFC9EDE}.Release|Any CPU.Build.0 = DebugWin|x86
	EndGlobalSection
	GlobalSection(SolutionProperties) = preSolution
		HideSolutionNode = FALSE
	EndGlobalSection
	GlobalSection(ExtensibilityGlobals) = postSolution
		SolutionGuid = {A6347B90-BBE6-4E45-90BF-1BD8B76069E3}
	EndGlobalSection
EndGlobal
